
Microsoft Visual Studio Solution File, Format Version 12.00
# Visual Studio 15
VisualStudioVersion = 15.0.28010.2050
MinimumVisualStudioVersion = 10.0.40219.1
Project("{FAE04EC0-301F-11D3-BF4B-00C04F79EFBC}") = "IterationExamples", "IterationExamples\IterationExamples.csproj", "{9E4DCE88-82E9-4B04-957E-9D40AEA2EB26}"
EndProject
Global
	GlobalSection(SolutionConfigurationPlatforms) = preSolution
		Debug|Any CPU = Debug|Any CPU
		Release|Any CPU = Release|Any CPU
	EndGlobalSection
	GlobalSection(ProjectConfigurationPlatforms) = postSolution
		{9E4DCE88-82E9-4B04-957E-9D40AEA2EB26}.Debug|Any CPU.ActiveCfg = Debug|Any CPU
		{9E4DCE88-82E9-4B04-957E-9D40AEA2EB26}.Debug|Any CPU.Build.0 = Debug|Any CPU
		{9E4DCE88-82E9-4B04-957E-9D40AEA2EB26}.Release|Any CPU.ActiveCfg = Release|Any CPU
		{9E4DCE88-82E9-4B04-957E-9D40AEA2EB26}.Release|Any CPU.Build.0 = Release|Any CPU
	EndGlobalSection
	GlobalSection(SolutionProperties) = preSolution
		HideSolutionNode = FALSE
	EndGlobalSection
	GlobalSection(ExtensibilityGlobals) = postSolution
		SolutionGuid = {1FDEB80F-33C8-4475-B8DB-98193103D268}
	EndGlobalSection
EndGlobal
