
Microsoft Visual Studio Solution File, Format Version 12.00
# Visual Studio 15
VisualStudioVersion = 15.0.28010.2050
MinimumVisualStudioVersion = 10.0.40219.1
Project("{FAE04EC0-301F-11D3-BF4B-00C04F79EFBC}") = "InteractiveArrayProgram", "InteractiveArrayProgram\InteractiveArrayProgram.csproj", "{B682D864-9676-436A-855D-E0C56FAE2F17}"
EndProject
Global
	GlobalSection(SolutionConfigurationPlatforms) = preSolution
		Debug|Any CPU = Debug|Any CPU
		Release|Any CPU = Release|Any CPU
	EndGlobalSection
	GlobalSection(ProjectConfigurationPlatforms) = postSolution
		{B682D864-9676-436A-855D-E0C56FAE2F17}.Debug|Any CPU.ActiveCfg = Debug|Any CPU
		{B682D864-9676-436A-855D-E0C56FAE2F17}.Debug|Any CPU.Build.0 = Debug|Any CPU
		{B682D864-9676-436A-855D-E0C56FAE2F17}.Release|Any CPU.ActiveCfg = Release|Any CPU
		{B682D864-9676-436A-855D-E0C56FAE2F17}.Release|Any CPU.Build.0 = Release|Any CPU
	EndGlobalSection
	GlobalSection(SolutionProperties) = preSolution
		HideSolutionNode = FALSE
	EndGlobalSection
	GlobalSection(ExtensibilityGlobals) = postSolution
		SolutionGuid = {20D14F96-782F-4E6C-A8F6-9E8BB5D1698E}
	EndGlobalSection
EndGlobal
