
Microsoft Visual Studio Solution File, Format Version 12.00
# Visual Studio 15
VisualStudioVersion = 15.0.28010.2050
MinimumVisualStudioVersion = 10.0.40219.1
Project("{FAE04EC0-301F-11D3-BF4B-00C04F79EFBC}") = "ChainingConstrAndConstants", "ChainingConstrAndConstants\ChainingConstrAndConstants.csproj", "{A1361228-BD59-41F3-AF1A-0C047BA1F1D6}"
EndProject
Global
	GlobalSection(SolutionConfigurationPlatforms) = preSolution
		Debug|Any CPU = Debug|Any CPU
		Release|Any CPU = Release|Any CPU
	EndGlobalSection
	GlobalSection(ProjectConfigurationPlatforms) = postSolution
		{A1361228-BD59-41F3-AF1A-0C047BA1F1D6}.Debug|Any CPU.ActiveCfg = Debug|Any CPU
		{A1361228-BD59-41F3-AF1A-0C047BA1F1D6}.Debug|Any CPU.Build.0 = Debug|Any CPU
		{A1361228-BD59-41F3-AF1A-0C047BA1F1D6}.Release|Any CPU.ActiveCfg = Release|Any CPU
		{A1361228-BD59-41F3-AF1A-0C047BA1F1D6}.Release|Any CPU.Build.0 = Release|Any CPU
	EndGlobalSection
	GlobalSection(SolutionProperties) = preSolution
		HideSolutionNode = FALSE
	EndGlobalSection
	GlobalSection(ExtensibilityGlobals) = postSolution
		SolutionGuid = {2C28435F-4C26-4AEB-96CB-30DCF8D4D10C}
	EndGlobalSection
EndGlobal
