
Microsoft Visual Studio Solution File, Format Version 12.00
# Visual Studio 15
VisualStudioVersion = 15.0.28010.2050
MinimumVisualStudioVersion = 10.0.40219.1
Project("{FAE04EC0-301F-11D3-BF4B-00C04F79EFBC}") = "LoopPrograms", "LoopPrograms\LoopPrograms.csproj", "{800E2B38-5E44-40B5-8519-9797DB009261}"
EndProject
Global
	GlobalSection(SolutionConfigurationPlatforms) = preSolution
		Debug|Any CPU = Debug|Any CPU
		Release|Any CPU = Release|Any CPU
	EndGlobalSection
	GlobalSection(ProjectConfigurationPlatforms) = postSolution
		{800E2B38-5E44-40B5-8519-9797DB009261}.Debug|Any CPU.ActiveCfg = Debug|Any CPU
		{800E2B38-5E44-40B5-8519-9797DB009261}.Debug|Any CPU.Build.0 = Debug|Any CPU
		{800E2B38-5E44-40B5-8519-9797DB009261}.Release|Any CPU.ActiveCfg = Release|Any CPU
		{800E2B38-5E44-40B5-8519-9797DB009261}.Release|Any CPU.Build.0 = Release|Any CPU
	EndGlobalSection
	GlobalSection(SolutionProperties) = preSolution
		HideSolutionNode = FALSE
	EndGlobalSection
	GlobalSection(ExtensibilityGlobals) = postSolution
		SolutionGuid = {E1F8F094-E247-404F-9163-01AA2AA47374}
	EndGlobalSection
EndGlobal
