
Microsoft Visual Studio Solution File, Format Version 12.00
# Visual Studio 15
VisualStudioVersion = 15.0.28010.2050
MinimumVisualStudioVersion = 10.0.40219.1
Project("{FAE04EC0-301F-11D3-BF4B-00C04F79EFBC}") = "SuperClassInheritance", "SuperClassInheritance\SuperClassInheritance.csproj", "{C43A2461-C683-449A-9AA5-392F88BFB018}"
EndProject
Global
	GlobalSection(SolutionConfigurationPlatforms) = preSolution
		Debug|Any CPU = Debug|Any CPU
		Release|Any CPU = Release|Any CPU
	EndGlobalSection
	GlobalSection(ProjectConfigurationPlatforms) = postSolution
		{C43A2461-C683-449A-9AA5-392F88BFB018}.Debug|Any CPU.ActiveCfg = Debug|Any CPU
		{C43A2461-C683-449A-9AA5-392F88BFB018}.Debug|Any CPU.Build.0 = Debug|Any CPU
		{C43A2461-C683-449A-9AA5-392F88BFB018}.Release|Any CPU.ActiveCfg = Release|Any CPU
		{C43A2461-C683-449A-9AA5-392F88BFB018}.Release|Any CPU.Build.0 = Release|Any CPU
	EndGlobalSection
	GlobalSection(SolutionProperties) = preSolution
		HideSolutionNode = FALSE
	EndGlobalSection
	GlobalSection(ExtensibilityGlobals) = postSolution
		SolutionGuid = {A5BBBC2B-7A88-45E5-ADB2-0089F83705C9}
	EndGlobalSection
EndGlobal
