
Microsoft Visual Studio Solution File, Format Version 12.00
# Visual Studio 15
VisualStudioVersion = 15.0.28307.168
MinimumVisualStudioVersion = 10.0.40219.1
Project("{FAE04EC0-301F-11D3-BF4B-00C04F79EFBC}") = "CarInsuranceQuote", "CarInsuranceQuote\CarInsuranceQuote.csproj", "{BBEBD8DE-9BED-45D2-A84B-F5D42364861F}"
EndProject
Global
	GlobalSection(SolutionConfigurationPlatforms) = preSolution
		Debug|Any CPU = Debug|Any CPU
		Release|Any CPU = Release|Any CPU
	EndGlobalSection
	GlobalSection(ProjectConfigurationPlatforms) = postSolution
		{BBEBD8DE-9BED-45D2-A84B-F5D42364861F}.Debug|Any CPU.ActiveCfg = Debug|Any CPU
		{BBEBD8DE-9BED-45D2-A84B-F5D42364861F}.Debug|Any CPU.Build.0 = Debug|Any CPU
		{BBEBD8DE-9BED-45D2-A84B-F5D42364861F}.Release|Any CPU.ActiveCfg = Release|Any CPU
		{BBEBD8DE-9BED-45D2-A84B-F5D42364861F}.Release|Any CPU.Build.0 = Release|Any CPU
	EndGlobalSection
	GlobalSection(SolutionProperties) = preSolution
		HideSolutionNode = FALSE
	EndGlobalSection
	GlobalSection(ExtensibilityGlobals) = postSolution
		SolutionGuid = {2D9996F5-E6B3-4B6C-8B8A-C7BD05281B93}
	EndGlobalSection
EndGlobal
